// !$*UTF8*$!
{
	archiveVersion = 1;
	classes = {
	};
	objectVersion = 46;
	objects = {

/* Begin PBXBuildFile section */
		BC2670981BD76D8000A55353 /* main.m in Sources */ = {isa = PBXBuildFile; fileRef = BC2670971BD76D8000A55353 /* main.m */; };
		BC26709B1BD76D8000A55353 /* AppDelegate.m in Sources */ = {isa = PBXBuildFile; fileRef = BC26709A1BD76D8000A55353 /* AppDelegate.m */; };
		BC26709E1BD76D8000A55353 /* ViewController.m in Sources */ = {isa = PBXBuildFile; fileRef = BC26709D1BD76D8000A55353 /* ViewController.m */; };
		BC2670A11BD76D8000A55353 /* Main.storyboard in Resources */ = {isa = PBXBuildFile; fileRef = BC26709F1BD76D8000A55353 /* Main.storyboard */; };
		BC2670A31BD76D8000A55353 /* Images.xcassets in Resources */ = {isa = PBXBuildFile; fileRef = BC2670A21BD76D8000A55353 /* Images.xcassets */; };
		BC2670A61BD76D8000A55353 /* LaunchScreen.xib in Resources */ = {isa = PBXBuildFile; fileRef = BC2670A41BD76D8000A55353 /* LaunchScreen.xib */; };
		BC2670B21BD76D8000A55353 /* gitTestDemoTests.m in Sources */ = {isa = PBXBuildFile; fileRef = BC2670B11BD76D8000A55353 /* gitTestDemoTests.m */; };
/* End PBXBuildFile section */

/* Begin PBXContainerItemProxy section */
		BC2670AC1BD76D8000A55353 /* PBXContainerItemProxy */ = {
			isa = PBXContainerItemProxy;
			containerPortal = BC26708A1BD76D8000A55353 /* Project object */;
			proxyType = 1;
			remoteGlobalIDString = BC2670911BD76D8000A55353;
			remoteInfo = gitTestDemo;
		};
/* End PBXContainerItemProxy section */

/* Begin PBXFileReference section */
		BC2670921BD76D8000A55353 /* gitTestDemo.app */ = {isa = PBXFileReference; explicitFileType = wrapper.application; includeInIndex = 0; path = gitTestDemo.app; sourceTree = BUILT_PRODUCTS_DIR; };
		BC2670961BD76D8000A55353 /* Info.plist */ = {isa = PBXFileReference; lastKnownFileType = text.plist.xml; path = Info.plist; sourceTree = "<group>"; };
		BC2670971BD76D8000A55353 /* main.m */ = {isa = PBXFileReference; lastKnownFileType = sourcecode.c.objc; path = main.m; sourceTree = "<group>"; };
		BC2670991BD76D8000A55353 /* AppDelegate.h */ = {isa = PBXFileReference; lastKnownFileType = sourcecode.c.h; path = AppDelegate.h; sourceTree = "<group>"; };
		BC26709A1BD76D8000A55353 /* AppDelegate.m */ = {isa = PBXFileReference; lastKnownFileType = sourcecode.c.objc; path = AppDelegate.m; sourceTree = "<group>"; };
		BC26709C1BD76D8000A55353 /* ViewController.h */ = {isa = PBXFileReference; lastKnownFileType = sourcecode.c.h; path = ViewController.h; sourceTree = "<group>"; };
		BC26709D1BD76D8000A55353 /* ViewController.m */ = {isa = PBXFileReference; lastKnownFileType = sourcecode.c.objc; path = ViewController.m; sourceTree = "<group>"; };
		BC2670A01BD76D8000A55353 /* Base */ = {isa = PBXFileReference; lastKnownFileType = file.storyboard; name = Base; path = Base.lproj/Main.storyboard; sourceTree = "<group>"; };
		BC2670A21BD76D8000A55353 /* Images.xcassets */ = {isa = PBXFileReference; lastKnownFileType = folder.assetcatalog; path = Images.xcassets; sourceTree = "<group>"; };
		BC2670A51BD76D8000A55353 /* Base */ = {isa = PBXFileReference; lastKnownFileType = file.xib; name = Base; path = Base.lproj/LaunchScreen.xib; sourceTree = "<group>"; };
		BC2670AB1BD76D8000A55353 /* gitTestDemoTests.xctest */ = {isa = PBXFileReference; explicitFileType = wrapper.cfbundle; includeInIndex = 0; path = gitTestDemoTests.xctest; sourceTree = BUILT_PRODUCTS_DIR; };
		BC2670B01BD76D8000A55353 /* Info.plist */ = {isa = PBXFileReference; lastKnownFileType = text.plist.xml; path = Info.plist; sourceTree = "<group>"; };
		BC2670B11BD76D8000A55353 /* gitTestDemoTests.m */ = {isa = PBXFileReference; lastKnownFileType = sourcecode.c.objc; path = gitTestDemoTests.m; sourceTree = "<group>"; };
/* End PBXFileReference section */

/* Begin PBXFrameworksBuildPhase section */
		BC26708F1BD76D8000A55353 /* Frameworks */ = {
			isa = PBXFrameworksBuildPhase;
			buildActionMask = 2147483647;
			files = (
			);
			runOnlyForDeploymentPostprocessing = 0;
		};
		BC2670A81BD76D8000A55353 /* Frameworks */ = {
			isa = PBXFrameworksBuildPhase;
			buildActionMask = 2147483647;
			files = (
			);
			runOnlyForDeploymentPostprocessing = 0;
		};
/* End PBXFrameworksBuildPhase section */

/* Begin PBXGroup section */
		BC2670891BD76D8000A55353 = {
			isa = PBXGroup;
			children = (
				BC2670941BD76D8000A55353 /* gitTestDemo */,
				BC2670AE1BD76D8000A55353 /* gitTestDemoTests */,
				BC2670931BD76D8000A55353 /* Products */,
			);
			sourceTree = "<group>";
		};
		BC2670931BD76D8000A55353 /* Products */ = {
			isa = PBXGroup;
			children = (
				BC2670921BD76D8000A55353 /* gitTestDemo.app */,
				BC2670AB1BD76D8000A55353 /* gitTestDemoTests.xctest */,
			);
			name = Products;
			sourceTree = "<group>";
		};
		BC2670941BD76D8000A55353 /* gitTestDemo */ = {
			isa = PBXGroup;
			children = (
				BC2670991BD76D8000A55353 /* AppDelegate.h */,
				BC26709A1BD76D8000A55353 /* AppDelegate.m */,
				BC26709C1BD76D8000A55353 /* ViewController.h */,
				BC26709D1BD76D8000A55353 /* ViewController.m */,
				BC26709F1BD76D8000A55353 /* Main.storyboard */,
				BC2670A21BD76D8000A55353 /* Images.xcassets */,
				BC2670A41BD76D8000A55353 /* LaunchScreen.xib */,
				BC2670951BD76D8000A55353 /* Supporting Files */,
			);
			path = gitTestDemo;
			sourceTree = "<group>";
		};
		BC2670951BD76D8000A55353 /* Supporting Files */ = {
			isa = PBXGroup;
			children = (
				BC2670961BD76D8000A55353 /* Info.plist */,
				BC2670971BD76D8000A55353 /* main.m */,
			);
			name = "Supporting Files";
			sourceTree = "<group>";
		};
		BC2670AE1BD76D8000A55353 /* gitTestDemoTests */ = {
			isa = PBXGroup;
			children = (
				BC2670B11BD76D8000A55353 /* gitTestDemoTests.m */,
				BC2670AF1BD76D8000A55353 /* Supporting Files */,
			);
			path = gitTestDemoTests;
			sourceTree = "<group>";
		};
		BC2670AF1BD76D8000A55353 /* Supporting Files */ = {
			isa = PBXGroup;
			children = (
				BC2670B01BD76D8000A55353 /* Info.plist */,
			);
			name = "Supporting Files";
			sourceTree = "<group>";
		};
/* End PBXGroup section */

/* Begin PBXNativeTarget section */
		BC2670911BD76D8000A55353 /* gitTestDemo */ = {
			isa = PBXNativeTarget;
			buildConfigurationList = BC2670B51BD76D8000A55353 /* Build configuration list for PBXNativeTarget "gitTestDemo" */;
			buildPhases = (
				BC26708E1BD76D8000A55353 /* Sources */,
				BC26708F1BD76D8000A55353 /* Frameworks */,
				BC2670901BD76D8000A55353 /* Resources */,
			);
			buildRules = (
			);
			dependencies = (
			);
			name = gitTestDemo;
			productName = gitTestDemo;
			productReference = BC2670921BD76D8000A55353 /* gitTestDemo.app */;
			productType = "com.apple.product-type.application";
		};
		BC2670AA1BD76D8000A55353 /* gitTestDemoTests */ = {
			isa = PBXNativeTarget;
			buildConfigurationList = BC2670B81BD76D8000A55353 /* Build configuration list for PBXNativeTarget "gitTestDemoTests" */;
			buildPhases = (
				BC2670A71BD76D8000A55353 /* Sources */,
				BC2670A81BD76D8000A55353 /* Frameworks */,
				BC2670A91BD76D8000A55353 /* Resources */,
			);
			buildRules = (
			);
			dependencies = (
				BC2670AD1BD76D8000A55353 /* PBXTargetDependency */,
			);
			name = gitTestDemoTests;
			productName = gitTestDemoTests;
			productReference = BC2670AB1BD76D8000A55353 /* gitTestDemoTests.xctest */;
			productType = "com.apple.product-type.bundle.unit-test";
		};
/* End PBXNativeTarget section */

/* Begin PBXProject section */
		BC26708A1BD76D8000A55353 /* Project object */ = {
			isa = PBXProject;
			attributes = {
				LastUpgradeCheck = 0640;
				ORGANIZATIONNAME = LiGuohuai;
				TargetAttributes = {
					BC2670911BD76D8000A55353 = {
						CreatedOnToolsVersion = 6.4;
					};
					BC2670AA1BD76D8000A55353 = {
						CreatedOnToolsVersion = 6.4;
						TestTargetID = BC2670911BD76D8000A55353;
					};
				};
			};
			buildConfigurationList = BC26708D1BD76D8000A55353 /* Build configuration list for PBXProject "gitTestDemo" */;
			compatibilityVersion = "Xcode 3.2";
			developmentRegion = English;
			hasScannedForEncodings = 0;
			knownRegions = (
				en,
				Base,
			);
			mainGroup = BC2670891BD76D8000A55353;
			productRefGroup = BC2670931BD76D8000A55353 /* Products */;
			projectDirPath = "";
			projectRoot = "";
			targets = (
				BC2670911BD76D8000A55353 /* gitTestDemo */,
				BC2670AA1BD76D8000A55353 /* gitTestDemoTests */,
			);
		};
/* End PBXProject section */

/* Begin PBXResourcesBuildPhase section */
		BC2670901BD76D8000A55353 /* Resources */ = {
			isa = PBXResourcesBuildPhase;
			buildActionMask = 2147483647;
			files = (
				BC2670A11BD76D8000A55353 /* Main.storyboard in Resources */,
				BC2670A61BD76D8000A55353 /* LaunchScreen.xib in Resources */,
				BC2670A31BD76D8000A55353 /* Images.xcassets in Resources */,
			);
			runOnlyForDeploymentPostprocessing = 0;
		};
		BC2670A91BD76D8000A55353 /* Resources */ = {
			isa = PBXResourcesBuildPhase;
			buildActionMask = 2147483647;
			files = (
			);
			runOnlyForDeploymentPostprocessing = 0;
		};
/* End PBXResourcesBuildPhase section */

/* Begin PBXSourcesBuildPhase section */
		BC26708E1BD76D8000A55353 /* Sources */ = {
			isa = PBXSourcesBuildPhase;
			buildActionMask = 2147483647;
			files = (
				BC26709E1BD76D8000A55353 /* ViewController.m in Sources */,
				BC26709B1BD76D8000A55353 /* AppDelegate.m in Sources */,
				BC2670981BD76D8000A55353 /* main.m in Sources */,
			);
			runOnlyForDeploymentPostprocessing = 0;
		};
		BC2670A71BD76D8000A55353 /* Sources */ = {
			isa = PBXSourcesBuildPhase;
			buildActionMask = 2147483647;
			files = (
				BC2670B21BD76D8000A55353 /* gitTestDemoTests.m in Sources */,
			);
			runOnlyForDeploymentPostprocessing = 0;
		};
/* End PBXSourcesBuildPhase section */

/* Begin PBXTargetDependency section */
		BC2670AD1BD76D8000A55353 /* PBXTargetDependency */ = {
			isa = PBXTargetDependency;
			target = BC2670911BD76D8000A55353 /* gitTestDemo */;
			targetProxy = BC2670AC1BD76D8000A55353 /* PBXContainerItemProxy */;
		};
/* End PBXTargetDependency section */

/* Begin PBXVariantGroup section */
		BC26709F1BD76D8000A55353 /* Main.storyboard */ = {
			isa = PBXVariantGroup;
			children = (
				BC2670A01BD76D8000A55353 /* Base */,
			);
			name = Main.storyboard;
			sourceTree = "<group>";
		};
		BC2670A41BD76D8000A55353 /* LaunchScreen.xib */ = {
			isa = PBXVariantGroup;
			children = (
				BC2670A51BD76D8000A55353 /* Base */,
			);
			name = LaunchScreen.xib;
			sourceTree = "<group>";
		};
/* End PBXVariantGroup section */

/* Begin XCBuildConfiguration section */
		BC2670B31BD76D8000A55353 /* Debug */ = {
			isa = XCBuildConfiguration;
			buildSettings = {
				ALWAYS_SEARCH_USER_PATHS = NO;
				CLANG_CXX_LANGUAGE_STANDARD = "gnu++0x";
				CLANG_CXX_LIBRARY = "libc++";
				CLANG_ENABLE_MODULES = YES;
				CLANG_ENABLE_OBJC_ARC = YES;
				CLANG_WARN_BOOL_CONVERSION = YES;
				CLANG_WARN_CONSTANT_CONVERSION = YES;
				CLANG_WARN_DIRECT_OBJC_ISA_USAGE = YES_ERROR;
				CLANG_WARN_EMPTY_BODY = YES;
				CLANG_WARN_ENUM_CONVERSION = YES;
				CLANG_WARN_INT_CONVERSION = YES;
				CLANG_WARN_OBJC_ROOT_CLASS = YES_ERROR;
				CLANG_WARN_UNREACHABLE_CODE = YES;
				CLANG_WARN__DUPLICATE_METHOD_MATCH = YES;
				"CODE_SIGN_IDENTITY[sdk=iphoneos*]" = "iPhone Developer";
				COPY_PHASE_STRIP = NO;
				DEBUG_INFORMATION_FORMAT = "dwarf-with-dsym";
				ENABLE_STRICT_OBJC_MSGSEND = YES;
				GCC_C_LANGUAGE_STANDARD = gnu99;
				GCC_DYNAMIC_NO_PIC = NO;
				GCC_NO_COMMON_BLOCKS = YES;
				GCC_OPTIMIZATION_LEVEL = 0;
				GCC_PREPROCESSOR_DEFINITIONS = (
					"DEBUG=1",
					"$(inherited)",
				);
				GCC_SYMBOLS_PRIVATE_EXTERN = NO;
				GCC_WARN_64_TO_32_BIT_CONVERSION = YES;
				GCC_WARN_ABOUT_RETURN_TYPE = YES_ERROR;
				GCC_WARN_UNDECLARED_SELECTOR = YES;
				GCC_WARN_UNINITIALIZED_AUTOS = YES_AGGRESSIVE;
				GCC_WARN_UNUSED_FUNCTION = YES;
				GCC_WARN_UNUSED_VARIABLE = YES;
				IPHONEOS_DEPLOYMENT_TARGET = 8.4;
				MTL_ENABLE_DEBUG_INFO = YES;
				ONLY_ACTIVE_ARCH = YES;
				SDKROOT = iphoneos;
			};
			name = Debug;
		};
		BC2670B41BD76D8000A55353 /* Release */ = {
			isa = XCBuildConfiguration;
			buildSettings = {
				ALWAYS_SEARCH_USER_PATHS = NO;
				CLANG_CXX_LANGUAGE_STANDARD = "gnu++0x";
				CLANG_CXX_LIBRARY = "libc++";
				CLANG_ENABLE_MODULES = YES;
				CLANG_ENABLE_OBJC_ARC = YES;
				CLANG_WARN_BOOL_CONVERSION = YES;
				CLANG_WARN_CONSTANT_CONVERSION = YES;
				CLANG_WARN_DIRECT_OBJC_ISA_USAGE = YES_ERROR;
				CLANG_WARN_EMPTY_BODY = YES;
				CLANG_WARN_ENUM_CONVERSION = YES;
				CLANG_WARN_INT_CONVERSION = YES;
				CLANG_WARN_OBJC_ROOT_CLASS = YES_ERROR;
				CLANG_WARN_UNREACHABLE_CODE = YES;
				CLANG_WARN__DUPLICATE_METHOD_MATCH = YES;
				"CODE_SIGN_IDENTITY[sdk=iphoneos*]" = "iPhone Developer";
				COPY_PHASE_STRIP = NO;
				DEBUG_INFORMATION_FORMAT = "dwarf-with-dsym";
				ENABLE_NS_ASSERTIONS = NO;
				ENABLE_STRICT_OBJC_MSGSEND = YES;
				GCC_C_LANGUAGE_STANDARD = gnu99;
				GCC_NO_COMMON_BLOCKS = YES;
				GCC_WARN_64_TO_32_BIT_CONVERSION = YES;
				GCC_WARN_ABOUT_RETURN_TYPE = YES_ERROR;
				GCC_WARN_UNDECLARED_SELECTOR = YES;
				GCC_WARN_UNINITIALIZED_AUTOS = YES_AGGRESSIVE;
				GCC_WARN_UNUSED_FUNCTION = YES;
				GCC_WARN_UNUSED_VARIABLE = YES;
				IPHONEOS_DEPLOYMENT_TARGET = 8.4;
				MTL_ENABLE_DEBUG_INFO = NO;
				SDKROOT = iphoneos;
				VALIDATE_PRODUCT = YES;
			};
			name = Release;
		};
		BC2670B61BD76D8000A55353 /* Debug */ = {
			isa = XCBuildConfiguration;
			buildSettings = {
				ASSETCATALOG_COMPILER_APPICON_NAME = AppIcon;
				INFOPLIST_FILE = gitTestDemo/Info.plist;
				LD_RUNPATH_SEARCH_PATHS = "$(inherited) @executable_path/Frameworks";
				PRODUCT_NAME = "$(TARGET_NAME)";
			};
			name = Debug;
		};
		BC2670B71BD76D8000A55353 /* Release */ = {
			isa = XCBuildConfiguration;
			buildSettings = {
				ASSETCATALOG_COMPILER_APPICON_NAME = AppIcon;
				INFOPLIST_FILE = gitTestDemo/Info.plist;
				LD_RUNPATH_SEARCH_PATHS = "$(inherited) @executable_path/Frameworks";
				PRODUCT_NAME = "$(TARGET_NAME)";
			};
			name = Release;
		};
		BC2670B91BD76D8000A55353 /* Debug */ = {
			isa = XCBuildConfiguration;
			buildSettings = {
				BUNDLE_LOADER = "$(TEST_HOST)";
				FRAMEWORK_SEARCH_PATHS = (
					"$(SDKROOT)/Developer/Library/Frameworks",
					"$(inherited)",
				);
				GCC_PREPROCESSOR_DEFINITIONS = (
					"DEBUG=1",
					"$(inherited)",
				);
				INFOPLIST_FILE = gitTestDemoTests/Info.plist;
				LD_RUNPATH_SEARCH_PATHS = "$(inherited) @executable_path/Frameworks @loader_path/Frameworks";
				PRODUCT_NAME = "$(TARGET_NAME)";
				TEST_HOST = "$(BUILT_PRODUCTS_DIR)/gitTestDemo.app/gitTestDemo";
			};
			name = Debug;
		};
		BC2670BA1BD76D8000A55353 /* Release */ = {
			isa = XCBuildConfiguration;
			buildSettings = {
				BUNDLE_LOADER = "$(TEST_HOST)";
				FRAMEWORK_SEARCH_PATHS = (
					"$(SDKROOT)/Developer/Library/Frameworks",
					"$(inherited)",
				);
				INFOPLIST_FILE = gitTestDemoTests/Info.plist;
				LD_RUNPATH_SEARCH_PATHS = "$(inherited) @executable_path/Frameworks @loader_path/Frameworks";
				PRODUCT_NAME = "$(TARGET_NAME)";
				TEST_HOST = "$(BUILT_PRODUCTS_DIR)/gitTestDemo.app/gitTestDemo";
			};
			name = Release;
		};
/* End XCBuildConfiguration section */

/* Begin XCConfigurationList section */
		BC26708D1BD76D8000A55353 /* Build configuration list for PBXProject "gitTestDemo" */ = {
			isa = XCConfigurationList;
			buildConfigurations = (
				BC2670B31BD76D8000A55353 /* Debug */,
				BC2670B41BD76D8000A55353 /* Release */,
			);
			defaultConfigurationIsVisible = 0;
			defaultConfigurationName = Release;
		};
		BC2670B51BD76D8000A55353 /* Build configuration list for PBXNativeTarget "gitTestDemo" */ = {
			isa = XCConfigurationList;
			buildConfigurations = (
				BC2670B61BD76D8000A55353 /* Debug */,
				BC2670B71BD76D8000A55353 /* Release */,
			);
			defaultConfigurationIsVisible = 0;
		};
		BC2670B81BD76D8000A55353 /* Build configuration list for PBXNativeTarget "gitTestDemoTests" */ = {
			isa = XCConfigurationList;
			buildConfigurations = (
				BC2670B91BD76D8000A55353 /* Debug */,
				BC2670BA1BD76D8000A55353 /* Release */,
			);
			defaultConfigurationIsVisible = 0;
		};
/* End XCConfigurationList section */
	};
	rootObject = BC26708A1BD76D8000A55353 /* Project object */;
}
